
Microsoft Visual Studio Solution File, Format Version 12.00
# Visual Studio 15
VisualStudioVersion = 15.0.28307.168
MinimumVisualStudioVersion = 10.0.40219.1
Project("{FAE04EC0-301F-11D3-BF4B-00C04F79EFBC}") = "with_disposel", "with_disposel\with_disposel.csproj", "{D92C5F35-C8E7-44F8-85D5-EBE483366222}"
EndProject
Global
	GlobalSection(SolutionConfigurationPlatforms) = preSolution
		Debug|Any CPU = Debug|Any CPU
		Release|Any CPU = Release|Any CPU
	EndGlobalSection
	GlobalSection(ProjectConfigurationPlatforms) = postSolution
		{D92C5F35-C8E7-44F8-85D5-EBE483366222}.Debug|Any CPU.ActiveCfg = Debug|Any CPU
		{D92C5F35-C8E7-44F8-85D5-EBE483366222}.Debug|Any CPU.Build.0 = Debug|Any CPU
		{D92C5F35-C8E7-44F8-85D5-EBE483366222}.Release|Any CPU.ActiveCfg = Release|Any CPU
		{D92C5F35-C8E7-44F8-85D5-EBE483366222}.Release|Any CPU.Build.0 = Release|Any CPU
	EndGlobalSection
	GlobalSection(SolutionProperties) = preSolution
		HideSolutionNode = FALSE
	EndGlobalSection
	GlobalSection(ExtensibilityGlobals) = postSolution
		SolutionGuid = {38587107-B4A3-4B48-A001-A21451D56863}
	EndGlobalSection
EndGlobal
