
Microsoft Visual Studio Solution File, Format Version 12.00
# Visual Studio 15
VisualStudioVersion = 15.0.28307.168
MinimumVisualStudioVersion = 10.0.40219.1
Project("{FAE04EC0-301F-11D3-BF4B-00C04F79EFBC}") = "preproccesingderectives", "preproccesingderectives\preproccesingderectives.csproj", "{D8701BCD-DA26-4575-9A9B-32EC37658FE9}"
EndProject
Global
	GlobalSection(SolutionConfigurationPlatforms) = preSolution
		Debug|Any CPU = Debug|Any CPU
		Release|Any CPU = Release|Any CPU
	EndGlobalSection
	GlobalSection(ProjectConfigurationPlatforms) = postSolution
		{D8701BCD-DA26-4575-9A9B-32EC37658FE9}.Debug|Any CPU.ActiveCfg = Debug|Any CPU
		{D8701BCD-DA26-4575-9A9B-32EC37658FE9}.Debug|Any CPU.Build.0 = Debug|Any CPU
		{D8701BCD-DA26-4575-9A9B-32EC37658FE9}.Release|Any CPU.ActiveCfg = Release|Any CPU
		{D8701BCD-DA26-4575-9A9B-32EC37658FE9}.Release|Any CPU.Build.0 = Release|Any CPU
	EndGlobalSection
	GlobalSection(SolutionProperties) = preSolution
		HideSolutionNode = FALSE
	EndGlobalSection
	GlobalSection(ExtensibilityGlobals) = postSolution
		SolutionGuid = {7BCA391C-8965-4BA0-B609-8566385A453E}
	EndGlobalSection
EndGlobal
