
Microsoft Visual Studio Solution File, Format Version 12.00
# Visual Studio 15
VisualStudioVersion = 15.0.28307.168
MinimumVisualStudioVersion = 10.0.40219.1
Project("{FAE04EC0-301F-11D3-BF4B-00C04F79EFBC}") = "Garbage Collector Dummy Variables", "Garbage Collector Dummy Variables\Garbage Collector Dummy Variables.csproj", "{A92C7B7B-67A8-4C19-97F7-84B0C3D9E86F}"
EndProject
Global
	GlobalSection(SolutionConfigurationPlatforms) = preSolution
		Debug|Any CPU = Debug|Any CPU
		Release|Any CPU = Release|Any CPU
	EndGlobalSection
	GlobalSection(ProjectConfigurationPlatforms) = postSolution
		{A92C7B7B-67A8-4C19-97F7-84B0C3D9E86F}.Debug|Any CPU.ActiveCfg = Debug|Any CPU
		{A92C7B7B-67A8-4C19-97F7-84B0C3D9E86F}.Debug|Any CPU.Build.0 = Debug|Any CPU
		{A92C7B7B-67A8-4C19-97F7-84B0C3D9E86F}.Release|Any CPU.ActiveCfg = Release|Any CPU
		{A92C7B7B-67A8-4C19-97F7-84B0C3D9E86F}.Release|Any CPU.Build.0 = Release|Any CPU
	EndGlobalSection
	GlobalSection(SolutionProperties) = preSolution
		HideSolutionNode = FALSE
	EndGlobalSection
	GlobalSection(ExtensibilityGlobals) = postSolution
		SolutionGuid = {F74F0E25-DF0B-403B-B3A7-B5F8539F7882}
	EndGlobalSection
EndGlobal
