
Microsoft Visual Studio Solution File, Format Version 12.00
# Visual Studio 15
VisualStudioVersion = 15.0.28307.168
MinimumVisualStudioVersion = 10.0.40219.1
Project("{FAE04EC0-301F-11D3-BF4B-00C04F79EFBC}") = "Indexers", "Indexers\Indexers.csproj", "{E140E660-8EBD-4CA4-87D0-9314CE4621C7}"
EndProject
Global
	GlobalSection(SolutionConfigurationPlatforms) = preSolution
		Debug|Any CPU = Debug|Any CPU
		Release|Any CPU = Release|Any CPU
	EndGlobalSection
	GlobalSection(ProjectConfigurationPlatforms) = postSolution
		{E140E660-8EBD-4CA4-87D0-9314CE4621C7}.Debug|Any CPU.ActiveCfg = Debug|Any CPU
		{E140E660-8EBD-4CA4-87D0-9314CE4621C7}.Debug|Any CPU.Build.0 = Debug|Any CPU
		{E140E660-8EBD-4CA4-87D0-9314CE4621C7}.Release|Any CPU.ActiveCfg = Release|Any CPU
		{E140E660-8EBD-4CA4-87D0-9314CE4621C7}.Release|Any CPU.Build.0 = Release|Any CPU
	EndGlobalSection
	GlobalSection(SolutionProperties) = preSolution
		HideSolutionNode = FALSE
	EndGlobalSection
	GlobalSection(ExtensibilityGlobals) = postSolution
		SolutionGuid = {1E5CB537-A612-4865-92DE-16C080533690}
	EndGlobalSection
EndGlobal
