
Microsoft Visual Studio Solution File, Format Version 12.00
# Visual Studio 15
VisualStudioVersion = 15.0.28307.168
MinimumVisualStudioVersion = 10.0.40219.1
Project("{FAE04EC0-301F-11D3-BF4B-00C04F79EFBC}") = "converterimpli", "converterimpli\converterimpli.csproj", "{D0A9013D-4EDB-4556-86AE-948DEFCB66DB}"
EndProject
Global
	GlobalSection(SolutionConfigurationPlatforms) = preSolution
		Debug|Any CPU = Debug|Any CPU
		Release|Any CPU = Release|Any CPU
	EndGlobalSection
	GlobalSection(ProjectConfigurationPlatforms) = postSolution
		{D0A9013D-4EDB-4556-86AE-948DEFCB66DB}.Debug|Any CPU.ActiveCfg = Debug|Any CPU
		{D0A9013D-4EDB-4556-86AE-948DEFCB66DB}.Debug|Any CPU.Build.0 = Debug|Any CPU
		{D0A9013D-4EDB-4556-86AE-948DEFCB66DB}.Release|Any CPU.ActiveCfg = Release|Any CPU
		{D0A9013D-4EDB-4556-86AE-948DEFCB66DB}.Release|Any CPU.Build.0 = Release|Any CPU
	EndGlobalSection
	GlobalSection(SolutionProperties) = preSolution
		HideSolutionNode = FALSE
	EndGlobalSection
	GlobalSection(ExtensibilityGlobals) = postSolution
		SolutionGuid = {82F548CD-136D-4AF9-B57F-D424CD0612CB}
	EndGlobalSection
EndGlobal
